{
  "nodes": {
    "flake-utils": {
      "inputs": {
        "systems": "systems"
      },
      "locked": {
        "lastModified": 1731533236,
        "narHash": "sha256-l0KFg5HjrsfsO/JpG+r7fRrqm12kzFHyUHqHCVpMMbI=",
        "owner": "numtide",
        "repo": "flake-utils",
        "rev": "11707dc2f618dd54ca8739b309ec4fc024de578b",
        "type": "github"
      },
      "original": {
        "owner": "numtide",
        "repo": "flake-utils",
        "type": "github"
      }
    },
    "ieda": {
      "inputs": {
        "nixpkgs": "nixpkgs_2"
      },
      "locked": {
        "lastModified": 1784986793,
        "narHash": "sha256-qBRq51vaXVI9nCV9FGIErTgDhcdBJBGFh32XAaDPulc=",
        "owner": "srcres258",
        "repo": "iEDA",
        "rev": "6f836be3a2c11b12546863c53956c1ee3f99d4e8",
        "type": "github"
      },
      "original": {
        "owner": "srcres258",
        "ref": "own",
        "repo": "iEDA",
        "type": "github"
      }
    },
    "nixpkgs": {
      "locked": {
        "lastModified": 1779536132,
        "narHash": "sha256-q+fF42iv/geEbHfgSzy3tS0FF/EyD6XTZ98E6yxiBO8=",
        "owner": "NixOS",
        "repo": "nixpkgs",
        "rev": "3d8f0f3f72a6cd4d93d0ad13203f2ea1cb7e1456",
        "type": "github"
      },
      "original": {
        "owner": "NixOS",
        "ref": "nixpkgs-unstable",
        "repo": "nixpkgs",
        "type": "github"
      }
    },
    "nixpkgs_2": {
      "locked": {
        "lastModified": 1720535198,
        "narHash": "sha256-zwVvxrdIzralnSbcpghA92tWu2DV2lwv89xZc8MTrbg=",
        "owner": "NixOS",
        "repo": "nixpkgs",
        "rev": "205fd4226592cc83fd4c0885a3e4c9c400efabb5",
        "type": "github"
      },
      "original": {
        "owner": "NixOS",
        "ref": "nixos-23.11",
        "repo": "nixpkgs",
        "type": "github"
      }
    },
    "nurPackages": {
      "inputs": {
        "ieda": "ieda",
        "nixpkgs": [
          "nixpkgs"
        ]
      },
      "locked": {
        "lastModified": 1785041158,
        "narHash": "sha256-Dog1DWQq3ZfnQ0kuBMSt8l7vAr+DVI3uYoAnnU7MtWY=",
        "owner": "srcres258",
        "repo": "nur-packages",
        "rev": "d1fde74ef628201199fdc657845857ffdb059010",
        "type": "github"
      },
      "original": {
        "owner": "srcres258",
        "repo": "nur-packages",
        "type": "github"
      }
    },
    "root": {
      "inputs": {
        "flake-utils": "flake-utils",
        "nixpkgs": "nixpkgs",
        "nurPackages": "nurPackages"
      }
    },
    "systems": {
      "locked": {
        "lastModified": 1681028828,
        "narHash": "sha256-Vy1rq5AaRuLzOxct8nz4T6wlgyUR7zLU309k9mBC768=",
        "owner": "nix-systems",
        "repo": "default",
        "rev": "da67096a3b9bf56a91d16901293e51ba5b49a27e",
        "type": "github"
      },
      "original": {
        "owner": "nix-systems",
        "repo": "default",
        "type": "github"
      }
    }
  },
  "root": "root",
  "version": 7
}
